#MicroXplorer Configuration settings - do not modify
Dma.Request0=SPI1_TX
Dma.Request1=SPI2_RX
Dma.Request2=SPI2_TX
Dma.Request3=SPI1_RX
Dma.RequestsNb=4
Dma.SPI1_RX.3.Direction=DMA_PERIPH_TO_MEMORY
Dma.SPI1_RX.3.Instance=DMA1_Channel2
Dma.SPI1_RX.3.MemDataAlignment=DMA_MDATAALIGN_HALFWORD
Dma.SPI1_RX.3.MemInc=DMA_MINC_ENABLE
Dma.SPI1_RX.3.Mode=DMA_NORMAL
Dma.SPI1_RX.3.PeriphDataAlignment=DMA_PDATAALIGN_HALFWORD
Dma.SPI1_RX.3.PeriphInc=DMA_PINC_DISABLE
Dma.SPI1_RX.3.Priority=DMA_PRIORITY_LOW
Dma.SPI1_RX.3.RequestParameters=Instance,Direction,PeriphInc,MemInc,PeriphDataAlignment,MemDataAlignment,Mode,Priority
Dma.SPI1_TX.0.Direction=DMA_MEMORY_TO_PERIPH
Dma.SPI1_TX.0.Instance=DMA1_Channel3
Dma.SPI1_TX.0.MemDataAlignment=DMA_MDATAALIGN_HALFWORD
Dma.SPI1_TX.0.MemInc=DMA_MINC_ENABLE
Dma.SPI1_TX.0.Mode=DMA_NORMAL
Dma.SPI1_TX.0.PeriphDataAlignment=DMA_PDATAALIGN_HALFWORD
Dma.SPI1_TX.0.PeriphInc=DMA_PINC_DISABLE
Dma.SPI1_TX.0.Priority=DMA_PRIORITY_MEDIUM
Dma.SPI1_TX.0.RequestParameters=Instance,Direction,PeriphInc,MemInc,PeriphDataAlignment,MemDataAlignment,Mode,Priority
Dma.SPI2_RX.1.Direction=DMA_PERIPH_TO_MEMORY
Dma.SPI2_RX.1.Instance=DMA1_Channel4
Dma.SPI2_RX.1.MemDataAlignment=DMA_MDATAALIGN_HALFWORD
Dma.SPI2_RX.1.MemInc=DMA_MINC_ENABLE
Dma.SPI2_RX.1.Mode=DMA_NORMAL
Dma.SPI2_RX.1.PeriphDataAlignment=DMA_PDATAALIGN_HALFWORD
Dma.SPI2_RX.1.PeriphInc=DMA_PINC_DISABLE
Dma.SPI2_RX.1.Priority=DMA_PRIORITY_MEDIUM
Dma.SPI2_RX.1.RequestParameters=Instance,Direction,PeriphInc,MemInc,PeriphDataAlignment,MemDataAlignment,Mode,Priority
Dma.SPI2_TX.2.Direction=DMA_MEMORY_TO_PERIPH
Dma.SPI2_TX.2.Instance=DMA1_Channel5
Dma.SPI2_TX.2.MemDataAlignment=DMA_MDATAALIGN_HALFWORD
Dma.SPI2_TX.2.MemInc=DMA_MINC_ENABLE
Dma.SPI2_TX.2.Mode=DMA_NORMAL
Dma.SPI2_TX.2.PeriphDataAlignment=DMA_PDATAALIGN_HALFWORD
Dma.SPI2_TX.2.PeriphInc=DMA_PINC_DISABLE
Dma.SPI2_TX.2.Priority=DMA_PRIORITY_LOW
Dma.SPI2_TX.2.RequestParameters=Instance,Direction,PeriphInc,MemInc,PeriphDataAlignment,MemDataAlignment,Mode,Priority
File.Version=6
GPIO.groupedBy=Group By Peripherals
KeepUserPlacement=false
Mcu.Family=STM32L4
Mcu.IP0=CRC
Mcu.IP1=DMA
Mcu.IP2=NVIC
Mcu.IP3=RCC
Mcu.IP4=SPI1
Mcu.IP5=SPI2
Mcu.IP6=SYS
Mcu.IPNb=7
Mcu.Name=STM32L476R(C-E-G)Tx
Mcu.Package=LQFP64
Mcu.Pin0=PC13
Mcu.Pin1=PC2
Mcu.Pin10=PC9
Mcu.Pin11=PA13 (JTMS-SWDIO)
Mcu.Pin12=PA14 (JTCK-SWCLK)
Mcu.Pin13=PC10
Mcu.Pin14=PC11
Mcu.Pin15=PC12
Mcu.Pin16=PB3 (JTDO-TRACESWO)
Mcu.Pin17=PB5
Mcu.Pin18=PB9
Mcu.Pin19=VP_CRC_VS_CRC
Mcu.Pin2=PC3
Mcu.Pin20=VP_SYS_VS_Systick
Mcu.Pin21=VP_STMicroelectronics.X-CUBE-DISPLAY_VS_BoardOoPartJjLCD_2.0.0_2.0.0
Mcu.Pin22=VP_STMicroelectronics.X-CUBE-DISPLAY_VS_BoardOoPartJjMemory_2.0.0_2.0.0
Mcu.Pin23=VP_STMicroelectronics.X-CUBE-DISPLAY_VS_ExtensionOoBoardJjDISPLAY_2.0.0_2.0.0
Mcu.Pin24=VP_STMicroelectronics.X-CUBE-TOUCHGFX_VS_GraphicsJjApplication_4.18.0
Mcu.Pin3=PA0
Mcu.Pin4=PA1
Mcu.Pin5=PA5
Mcu.Pin6=PA6
Mcu.Pin7=PA7
Mcu.Pin8=PB13
Mcu.Pin9=PC8
Mcu.PinsNb=25
Mcu.ThirdParty0=STMicroelectronics.X-CUBE-DISPLAY.2.0.0
Mcu.ThirdParty1=STMicroelectronics.X-CUBE-TOUCHGFX.4.18.0
Mcu.ThirdPartyNb=2
Mcu.UserConstants=
Mcu.UserName=STM32L476RGTx
MxCube.Version=6.3.0
MxDb.Version=DB.6.0.30
NVIC.BusFault_IRQn=true\:0\:0\:false\:false\:true\:true\:false
NVIC.DMA1_Channel2_IRQn=true\:2\:0\:true\:false\:true\:false\:true
NVIC.DMA1_Channel3_IRQn=true\:2\:0\:true\:false\:true\:false\:true
NVIC.DMA1_Channel4_IRQn=true\:3\:0\:true\:false\:true\:false\:true
NVIC.DMA1_Channel5_IRQn=true\:3\:0\:true\:false\:true\:false\:true
NVIC.DebugMonitor_IRQn=true\:0\:0\:false\:false\:true\:true\:false
NVIC.EXTI0_IRQn=true\:4\:0\:true\:false\:true\:true\:true
NVIC.ForceEnableDMAVector=true
NVIC.HardFault_IRQn=true\:0\:0\:false\:false\:true\:true\:false
NVIC.MemoryManagement_IRQn=true\:0\:0\:false\:false\:true\:true\:false
NVIC.NonMaskableInt_IRQn=true\:0\:0\:false\:false\:true\:true\:false
NVIC.PendSV_IRQn=true\:0\:0\:false\:false\:true\:false\:false
NVIC.PriorityGroup=NVIC_PRIORITYGROUP_4
NVIC.SPI1_IRQn=true\:2\:0\:true\:false\:true\:true\:true
NVIC.SPI2_IRQn=true\:3\:0\:true\:false\:true\:true\:true
NVIC.SVCall_IRQn=true\:0\:0\:false\:false\:true\:false\:false
NVIC.SysTick_IRQn=true\:0\:0\:false\:false\:true\:true\:true
NVIC.UsageFault_IRQn=true\:0\:0\:false\:false\:true\:true\:false
PA0.GPIOParameters=GPIO_Label,GPIO_ModeDefaultEXTI
PA0.GPIO_Label=DISP_TE
PA0.GPIO_ModeDefaultEXTI=GPIO_MODE_IT_RISING_FALLING
PA0.Locked=true
PA0.Signal=GPXTI0
PA1.GPIOParameters=GPIO_Speed,PinState,GPIO_PuPd,GPIO_Label
PA1.GPIO_Label=DISP_NRESET
PA1.GPIO_PuPd=GPIO_PULLUP
PA1.GPIO_Speed=GPIO_SPEED_FREQ_HIGH
PA1.Locked=true
PA1.PinState=GPIO_PIN_SET
PA1.Signal=GPIO_Output
PA13\ (JTMS-SWDIO).GPIOParameters=GPIO_Label
PA13\ (JTMS-SWDIO).GPIO_Label=TMS
PA13\ (JTMS-SWDIO).Locked=true
PA13\ (JTMS-SWDIO).Mode=Serial_Wire
PA13\ (JTMS-SWDIO).Signal=SYS_JTMS-SWDIO
PA14\ (JTCK-SWCLK).GPIOParameters=GPIO_Label
PA14\ (JTCK-SWCLK).GPIO_Label=TCK
PA14\ (JTCK-SWCLK).Locked=true
PA14\ (JTCK-SWCLK).Mode=Serial_Wire
PA14\ (JTCK-SWCLK).Signal=SYS_JTCK-SWCLK
PA5.GPIOParameters=GPIO_PuPd,GPIO_Label
PA5.GPIO_Label=SPIA_SCK
PA5.GPIO_PuPd=GPIO_PULLDOWN
PA5.Mode=Full_Duplex_Master
PA5.Signal=SPI1_SCK
PA6.GPIOParameters=GPIO_PuPd,GPIO_Label
PA6.GPIO_Label=SPIA_MISO
PA6.GPIO_PuPd=GPIO_PULLDOWN
PA6.Mode=Full_Duplex_Master
PA6.Signal=SPI1_MISO
PA7.GPIOParameters=GPIO_PuPd,GPIO_Label
PA7.GPIO_Label=SPIA_MOSI
PA7.GPIO_PuPd=GPIO_PULLUP
PA7.Mode=Full_Duplex_Master
PA7.Signal=SPI1_MOSI
PB13.GPIOParameters=GPIO_PuPd,GPIO_Label
PB13.GPIO_Label=SPIB_SCK
PB13.GPIO_PuPd=GPIO_PULLDOWN
PB13.Locked=true
PB13.Mode=Full_Duplex_Master
PB13.Signal=SPI2_SCK
PB3\ (JTDO-TRACESWO).GPIOParameters=GPIO_Speed,GPIO_PuPd,GPIO_Label
PB3\ (JTDO-TRACESWO).GPIO_Label=SPIA_DCX
PB3\ (JTDO-TRACESWO).GPIO_PuPd=GPIO_PULLUP
PB3\ (JTDO-TRACESWO).GPIO_Speed=GPIO_SPEED_FREQ_HIGH
PB3\ (JTDO-TRACESWO).Locked=true
PB3\ (JTDO-TRACESWO).Signal=GPIO_Output
PB5.GPIOParameters=GPIO_Speed,PinState,GPIO_PuPd,GPIO_Label
PB5.GPIO_Label=SPIA_NCS
PB5.GPIO_PuPd=GPIO_PULLUP
PB5.GPIO_Speed=GPIO_SPEED_FREQ_HIGH
PB5.Locked=true
PB5.PinState=GPIO_PIN_SET
PB5.Signal=GPIO_Output
PB9.GPIOParameters=GPIO_Speed,PinState,GPIO_PuPd,GPIO_Label
PB9.GPIO_Label=SPIB_NCS
PB9.GPIO_PuPd=GPIO_PULLUP
PB9.GPIO_Speed=GPIO_SPEED_FREQ_HIGH
PB9.Locked=true
PB9.PinState=GPIO_PIN_SET
PB9.Signal=GPIO_Output
PC10.GPIOParameters=GPIO_Label
PC10.GPIO_Label=JOY_DOWN
PC10.Locked=true
PC10.Signal=GPIO_Input
PC11.GPIOParameters=GPIO_Label
PC11.GPIO_Label=JOY_RIGHT
PC11.Locked=true
PC11.Signal=GPIO_Input
PC12.GPIOParameters=GPIO_Label
PC12.GPIO_Label=JOY_UP
PC12.Locked=true
PC12.Signal=GPIO_Input
PC13.GPIOParameters=GPIO_Label
PC13.GPIO_Label=BUTTON_USER
PC13.Locked=true
PC13.Signal=GPIO_Input
PC2.GPIOParameters=GPIO_PuPd,GPIO_Label
PC2.GPIO_Label=SPIB_MISO
PC2.GPIO_PuPd=GPIO_PULLDOWN
PC2.Mode=Full_Duplex_Master
PC2.Signal=SPI2_MISO
PC3.GPIOParameters=GPIO_PuPd,GPIO_Label
PC3.GPIO_Label=SPIB_MOSI
PC3.GPIO_PuPd=GPIO_PULLDOWN
PC3.Mode=Full_Duplex_Master
PC3.Signal=SPI2_MOSI
PC8.GPIOParameters=GPIO_Label
PC8.GPIO_Label=JOY_CENTER
PC8.Locked=true
PC8.Signal=GPIO_Input
PC9.GPIOParameters=GPIO_Label
PC9.GPIO_Label=JOY_LEFT
PC9.Locked=true
PC9.Signal=GPIO_Input
PinOutPanel.RotationAngle=0
ProjectManager.AskForMigrate=true
ProjectManager.BackupPrevious=false
ProjectManager.CompilerOptimize=6
ProjectManager.ComputerToolchain=false
ProjectManager.CoupleFile=false
ProjectManager.CustomerFirmwarePackage=
ProjectManager.DefaultFWLocation=true
ProjectManager.DeletePrevious=true
ProjectManager.DeviceId=STM32L476RGTx
ProjectManager.FirmwarePackage=STM32Cube FW_L4 V1.17.0
ProjectManager.FreePins=false
ProjectManager.HalAssertFull=false
ProjectManager.HeapSize=0x400
ProjectManager.KeepUserCode=true
ProjectManager.LastFirmware=true
ProjectManager.LibraryCopy=1
ProjectManager.MainLocation=Core/Src
ProjectManager.NoMain=false
ProjectManager.PreviousToolchain=STM32CubeIDE
ProjectManager.ProjectBuild=false
ProjectManager.ProjectFileName=GFX01M1_L476RG.ioc
ProjectManager.ProjectName=GFX01M1_L476RG
ProjectManager.RegisterCallBack=SPI
ProjectManager.StackSize=0x400
ProjectManager.TargetToolchain=STM32CubeIDE
ProjectManager.ToolChainLocation=
ProjectManager.UnderRoot=true
ProjectManager.functionlistsort=1-MX_GPIO_Init-GPIO-false-HAL-true,2-MX_DMA_Init-DMA-false-HAL-true,3-SystemClock_Config-RCC-false-HAL-true,4-MX_DISPLAY_Init-STMicroelectronics.X-CUBE-DISPLAY.2.0.0-false-HAL-false,5-MX_DISPLAY_Process-STMicroelectronics.X-CUBE-DISPLAY.2.0.0-false-HAL-false
RCC.ADCFreq_Value=64000000
RCC.AHBFreq_Value=80000000
RCC.APB1Freq_Value=80000000
RCC.APB1TimFreq_Value=80000000
RCC.APB2Freq_Value=80000000
RCC.APB2TimFreq_Value=80000000
RCC.CortexFreq_Value=80000000
RCC.DFSDMFreq_Value=80000000
RCC.FCLKCortexFreq_Value=80000000
RCC.FamilyName=M
RCC.HCLKFreq_Value=80000000
RCC.HSE_VALUE=8000000
RCC.HSI_VALUE=16000000
RCC.I2C1Freq_Value=80000000
RCC.I2C2Freq_Value=80000000
RCC.I2C3Freq_Value=80000000
RCC.IPParameters=ADCFreq_Value,AHBFreq_Value,APB1Freq_Value,APB1TimFreq_Value,APB2Freq_Value,APB2TimFreq_Value,CortexFreq_Value,DFSDMFreq_Value,FCLKCortexFreq_Value,FamilyName,HCLKFreq_Value,HSE_VALUE,HSI_VALUE,I2C1Freq_Value,I2C2Freq_Value,I2C3Freq_Value,LPTIM1Freq_Value,LPTIM2Freq_Value,LPUART1Freq_Value,LSCOPinFreq_Value,LSE_VALUE,LSI_VALUE,MCO1PinFreq_Value,MSI_VALUE,PLLN,PLLPoutputFreq_Value,PLLQoutputFreq_Value,PLLRCLKFreq_Value,PLLSAI1PoutputFreq_Value,PLLSAI1QoutputFreq_Value,PLLSAI1RoutputFreq_Value,PLLSAI2PoutputFreq_Value,PLLSAI2RoutputFreq_Value,PLLSourceVirtual,PREFETCH_ENABLE,PWRFreq_Value,RNGFreq_Value,SAI1Freq_Value,SAI2Freq_Value,SDMMCFreq_Value,SWPMI1Freq_Value,SYSCLKFreq_VALUE,SYSCLKSource,UART4Freq_Value,UART5Freq_Value,USART1Freq_Value,USART2Freq_Value,USART3Freq_Value,USBFreq_Value,VCOInputFreq_Value,VCOOutputFreq_Value,VCOSAI1OutputFreq_Value,VCOSAI2OutputFreq_Value
RCC.LPTIM1Freq_Value=80000000
RCC.LPTIM2Freq_Value=80000000
RCC.LPUART1Freq_Value=80000000
RCC.LSCOPinFreq_Value=32000
RCC.LSE_VALUE=32768
RCC.LSI_VALUE=32000
RCC.MCO1PinFreq_Value=80000000
RCC.MSI_VALUE=4000000
RCC.PLLN=10
RCC.PLLPoutputFreq_Value=22857142.85714286
RCC.PLLQoutputFreq_Value=80000000
RCC.PLLRCLKFreq_Value=80000000
RCC.PLLSAI1PoutputFreq_Value=18285714.285714287
RCC.PLLSAI1QoutputFreq_Value=64000000
RCC.PLLSAI1RoutputFreq_Value=64000000
RCC.PLLSAI2PoutputFreq_Value=18285714.285714287
RCC.PLLSAI2RoutputFreq_Value=64000000
RCC.PLLSourceVirtual=RCC_PLLSOURCE_HSI
RCC.PREFETCH_ENABLE=1
RCC.PWRFreq_Value=80000000
RCC.RNGFreq_Value=64000000
RCC.SAI1Freq_Value=18285714.285714287
RCC.SAI2Freq_Value=18285714.285714287
RCC.SDMMCFreq_Value=64000000
RCC.SWPMI1Freq_Value=80000000
RCC.SYSCLKFreq_VALUE=80000000
RCC.SYSCLKSource=RCC_SYSCLKSOURCE_PLLCLK
RCC.UART4Freq_Value=80000000
RCC.UART5Freq_Value=80000000
RCC.USART1Freq_Value=80000000
RCC.USART2Freq_Value=80000000
RCC.USART3Freq_Value=80000000
RCC.USBFreq_Value=64000000
RCC.VCOInputFreq_Value=16000000
RCC.VCOOutputFreq_Value=160000000
RCC.VCOSAI1OutputFreq_Value=128000000
RCC.VCOSAI2OutputFreq_Value=128000000
SH.GPXTI0.0=GPIO_EXTI0
SH.GPXTI0.ConfNb=1
SPI1.BaudRatePrescaler=SPI_BAUDRATEPRESCALER_4
SPI1.CalculateBaudRate=20.0 MBits/s
SPI1.DataSize=SPI_DATASIZE_8BIT
SPI1.Direction=SPI_DIRECTION_2LINES
SPI1.IPParameters=VirtualType,Mode,Direction,CalculateBaudRate,DataSize,NSSPMode,BaudRatePrescaler
SPI1.Mode=SPI_MODE_MASTER
SPI1.NSSPMode=SPI_NSS_PULSE_DISABLE
SPI1.VirtualType=VM_MASTER
SPI2.CalculateBaudRate=40.0 MBits/s
SPI2.DataSize=SPI_DATASIZE_8BIT
SPI2.Direction=SPI_DIRECTION_2LINES
SPI2.IPParameters=VirtualType,Mode,Direction,CalculateBaudRate,DataSize,NSSPMode
SPI2.Mode=SPI_MODE_MASTER
SPI2.NSSPMode=SPI_NSS_PULSE_DISABLE
SPI2.VirtualType=VM_MASTER
STMicroelectronics.X-CUBE-DISPLAY.2.0.0.BSP.number=12
STMicroelectronics.X-CUBE-DISPLAY.2.0.0.BoardOoPartJjLCDJjILI9341=SPI
STMicroelectronics.X-CUBE-DISPLAY.2.0.0.BoardOoPartJjLCD_Checked=true
STMicroelectronics.X-CUBE-DISPLAY.2.0.0.BoardOoPartJjMemoryJjMX25L6433F=SPI
STMicroelectronics.X-CUBE-DISPLAY.2.0.0.BoardOoPartJjMemory_Checked=true
STMicroelectronics.X-CUBE-DISPLAY.2.0.0.DISPLAYCcExtensionOoBoardJjGFX01M1=true
STMicroelectronics.X-CUBE-DISPLAY.2.0.0.ExtensionOoBoardJjDISPLAY_Checked=true
STMicroelectronics.X-CUBE-DISPLAY.2.0.0.IPParameters=p_display_cache_lines,DISPLAYCcExtensionOoBoardJjGFX01M1,BoardOoPartJjLCDJjILI9341,BoardOoPartJjMemoryJjMX25L6433F
STMicroelectronics.X-CUBE-DISPLAY.2.0.0.p_display_cache_lines=24
STMicroelectronics.X-CUBE-DISPLAY.2.0.00.BSP.STBoard=false
STMicroelectronics.X-CUBE-DISPLAY.2.0.00.BSP.api=Unknown
STMicroelectronics.X-CUBE-DISPLAY.2.0.00.BSP.component=
STMicroelectronics.X-CUBE-DISPLAY.2.0.00.BSP.condition=SEMBoardOoPartJjLCDJjILI9341JjSPI | SEMBoardOoPartJjLCDJjILI9341JjFMC
STMicroelectronics.X-CUBE-DISPLAY.2.0.00.BSP.i2caddr=0
STMicroelectronics.X-CUBE-DISPLAY.2.0.00.BSP.i2creg=
STMicroelectronics.X-CUBE-DISPLAY.2.0.00.BSP.instance=PA1
STMicroelectronics.X-CUBE-DISPLAY.2.0.00.BSP.ip=GPIO
STMicroelectronics.X-CUBE-DISPLAY.2.0.00.BSP.mode=Output
STMicroelectronics.X-CUBE-DISPLAY.2.0.00.BSP.name=LCD RESET Pin
STMicroelectronics.X-CUBE-DISPLAY.2.0.00.BSP.semaphore=
STMicroelectronics.X-CUBE-DISPLAY.2.0.00.BSP.solution=PA1
STMicroelectronics.X-CUBE-DISPLAY.2.0.01.BSP.STBoard=false
STMicroelectronics.X-CUBE-DISPLAY.2.0.01.BSP.api=Unknown
STMicroelectronics.X-CUBE-DISPLAY.2.0.01.BSP.component=
STMicroelectronics.X-CUBE-DISPLAY.2.0.01.BSP.condition=SEMDISPLAYCcExtensionOoBoardJjGFX01M1
STMicroelectronics.X-CUBE-DISPLAY.2.0.01.BSP.i2caddr=0
STMicroelectronics.X-CUBE-DISPLAY.2.0.01.BSP.i2creg=
STMicroelectronics.X-CUBE-DISPLAY.2.0.01.BSP.instance=PC11
STMicroelectronics.X-CUBE-DISPLAY.2.0.01.BSP.ip=GPIO
STMicroelectronics.X-CUBE-DISPLAY.2.0.01.BSP.mode=Input
STMicroelectronics.X-CUBE-DISPLAY.2.0.01.BSP.name=Key Right Pin
STMicroelectronics.X-CUBE-DISPLAY.2.0.01.BSP.semaphore=
STMicroelectronics.X-CUBE-DISPLAY.2.0.01.BSP.solution=PC11
STMicroelectronics.X-CUBE-DISPLAY.2.0.010.BSP.STBoard=false
STMicroelectronics.X-CUBE-DISPLAY.2.0.010.BSP.api=Unknown
STMicroelectronics.X-CUBE-DISPLAY.2.0.010.BSP.component=
STMicroelectronics.X-CUBE-DISPLAY.2.0.010.BSP.condition=SEMDISPLAYCcExtensionOoBoardJjGFX01M1
STMicroelectronics.X-CUBE-DISPLAY.2.0.010.BSP.i2caddr=0
STMicroelectronics.X-CUBE-DISPLAY.2.0.010.BSP.i2creg=
STMicroelectronics.X-CUBE-DISPLAY.2.0.010.BSP.instance=PC12
STMicroelectronics.X-CUBE-DISPLAY.2.0.010.BSP.ip=GPIO
STMicroelectronics.X-CUBE-DISPLAY.2.0.010.BSP.mode=Input
STMicroelectronics.X-CUBE-DISPLAY.2.0.010.BSP.name=Key Up Pin
STMicroelectronics.X-CUBE-DISPLAY.2.0.010.BSP.semaphore=
STMicroelectronics.X-CUBE-DISPLAY.2.0.010.BSP.solution=PC12
STMicroelectronics.X-CUBE-DISPLAY.2.0.011.BSP.STBoard=false
STMicroelectronics.X-CUBE-DISPLAY.2.0.011.BSP.api=Unknown
STMicroelectronics.X-CUBE-DISPLAY.2.0.011.BSP.component=
STMicroelectronics.X-CUBE-DISPLAY.2.0.011.BSP.condition=SEMBoardOoPartJjLCDJjILI9341JjSPI
STMicroelectronics.X-CUBE-DISPLAY.2.0.011.BSP.i2caddr=0
STMicroelectronics.X-CUBE-DISPLAY.2.0.011.BSP.i2creg=
STMicroelectronics.X-CUBE-DISPLAY.2.0.011.BSP.instance=PB3 (JTDO-TRACESWO)
STMicroelectronics.X-CUBE-DISPLAY.2.0.011.BSP.ip=GPIO
STMicroelectronics.X-CUBE-DISPLAY.2.0.011.BSP.mode=Output
STMicroelectronics.X-CUBE-DISPLAY.2.0.011.BSP.name=LCD DCX Pin
STMicroelectronics.X-CUBE-DISPLAY.2.0.011.BSP.semaphore=
STMicroelectronics.X-CUBE-DISPLAY.2.0.011.BSP.solution=PB3 (JTDO-TRACESWO)
STMicroelectronics.X-CUBE-DISPLAY.2.0.02.BSP.STBoard=false
STMicroelectronics.X-CUBE-DISPLAY.2.0.02.BSP.api=Unknown
STMicroelectronics.X-CUBE-DISPLAY.2.0.02.BSP.component=
STMicroelectronics.X-CUBE-DISPLAY.2.0.02.BSP.condition=SEMDISPLAYCcExtensionOoBoardJjGFX01M1
STMicroelectronics.X-CUBE-DISPLAY.2.0.02.BSP.i2caddr=0
STMicroelectronics.X-CUBE-DISPLAY.2.0.02.BSP.i2creg=
STMicroelectronics.X-CUBE-DISPLAY.2.0.02.BSP.instance=PC9
STMicroelectronics.X-CUBE-DISPLAY.2.0.02.BSP.ip=GPIO
STMicroelectronics.X-CUBE-DISPLAY.2.0.02.BSP.mode=Input
STMicroelectronics.X-CUBE-DISPLAY.2.0.02.BSP.name=Key Left Pin
STMicroelectronics.X-CUBE-DISPLAY.2.0.02.BSP.semaphore=
STMicroelectronics.X-CUBE-DISPLAY.2.0.02.BSP.solution=PC9
STMicroelectronics.X-CUBE-DISPLAY.2.0.03.BSP.STBoard=false
STMicroelectronics.X-CUBE-DISPLAY.2.0.03.BSP.api=Unknown
STMicroelectronics.X-CUBE-DISPLAY.2.0.03.BSP.component=
STMicroelectronics.X-CUBE-DISPLAY.2.0.03.BSP.condition=SEMDISPLAYCcExtensionOoBoardJjGFX01M1
STMicroelectronics.X-CUBE-DISPLAY.2.0.03.BSP.i2caddr=0
STMicroelectronics.X-CUBE-DISPLAY.2.0.03.BSP.i2creg=
STMicroelectronics.X-CUBE-DISPLAY.2.0.03.BSP.instance=PC10
STMicroelectronics.X-CUBE-DISPLAY.2.0.03.BSP.ip=GPIO
STMicroelectronics.X-CUBE-DISPLAY.2.0.03.BSP.mode=Input
STMicroelectronics.X-CUBE-DISPLAY.2.0.03.BSP.name=Key Down Pin
STMicroelectronics.X-CUBE-DISPLAY.2.0.03.BSP.semaphore=
STMicroelectronics.X-CUBE-DISPLAY.2.0.03.BSP.solution=PC10
STMicroelectronics.X-CUBE-DISPLAY.2.0.04.BSP.STBoard=false
STMicroelectronics.X-CUBE-DISPLAY.2.0.04.BSP.api=BSP_BUS_DRIVER
STMicroelectronics.X-CUBE-DISPLAY.2.0.04.BSP.component=
STMicroelectronics.X-CUBE-DISPLAY.2.0.04.BSP.condition=SEMBoardOoPartJjLCDJjILI9341JjSPI
STMicroelectronics.X-CUBE-DISPLAY.2.0.04.BSP.i2caddr=0
STMicroelectronics.X-CUBE-DISPLAY.2.0.04.BSP.i2creg=
STMicroelectronics.X-CUBE-DISPLAY.2.0.04.BSP.instance=SPI1
STMicroelectronics.X-CUBE-DISPLAY.2.0.04.BSP.ip=SPI
STMicroelectronics.X-CUBE-DISPLAY.2.0.04.BSP.mode=Full-Duplex Master
STMicroelectronics.X-CUBE-DISPLAY.2.0.04.BSP.name=LCD BUS IO driver
STMicroelectronics.X-CUBE-DISPLAY.2.0.04.BSP.semaphore=
STMicroelectronics.X-CUBE-DISPLAY.2.0.04.BSP.solution=SPI1
STMicroelectronics.X-CUBE-DISPLAY.2.0.05.BSP.STBoard=false
STMicroelectronics.X-CUBE-DISPLAY.2.0.05.BSP.api=Unknown
STMicroelectronics.X-CUBE-DISPLAY.2.0.05.BSP.component=
STMicroelectronics.X-CUBE-DISPLAY.2.0.05.BSP.condition=SEMBoardOoPartJjMemoryJjMX25L6433FJjSPI
STMicroelectronics.X-CUBE-DISPLAY.2.0.05.BSP.i2caddr=0
STMicroelectronics.X-CUBE-DISPLAY.2.0.05.BSP.i2creg=
STMicroelectronics.X-CUBE-DISPLAY.2.0.05.BSP.instance=PB9
STMicroelectronics.X-CUBE-DISPLAY.2.0.05.BSP.ip=GPIO
STMicroelectronics.X-CUBE-DISPLAY.2.0.05.BSP.mode=Output
STMicroelectronics.X-CUBE-DISPLAY.2.0.05.BSP.name=Memory CS Pin
STMicroelectronics.X-CUBE-DISPLAY.2.0.05.BSP.semaphore=
STMicroelectronics.X-CUBE-DISPLAY.2.0.05.BSP.solution=PB9
STMicroelectronics.X-CUBE-DISPLAY.2.0.06.BSP.STBoard=false
STMicroelectronics.X-CUBE-DISPLAY.2.0.06.BSP.api=HAL_EXTI_DRIVER
STMicroelectronics.X-CUBE-DISPLAY.2.0.06.BSP.component=
STMicroelectronics.X-CUBE-DISPLAY.2.0.06.BSP.condition=SEMBoardOoPartJjLCDJjILI9341JjSPI | SEMBoardOoPartJjLCDJjILI9341JjFMC
STMicroelectronics.X-CUBE-DISPLAY.2.0.06.BSP.i2caddr=0
STMicroelectronics.X-CUBE-DISPLAY.2.0.06.BSP.i2creg=
STMicroelectronics.X-CUBE-DISPLAY.2.0.06.BSP.instance=PA0
STMicroelectronics.X-CUBE-DISPLAY.2.0.06.BSP.ip=GPIO
STMicroelectronics.X-CUBE-DISPLAY.2.0.06.BSP.mode=EXTI
STMicroelectronics.X-CUBE-DISPLAY.2.0.06.BSP.name=LCD TE Pin
STMicroelectronics.X-CUBE-DISPLAY.2.0.06.BSP.semaphore=
STMicroelectronics.X-CUBE-DISPLAY.2.0.06.BSP.solution=PA0
STMicroelectronics.X-CUBE-DISPLAY.2.0.07.BSP.STBoard=false
STMicroelectronics.X-CUBE-DISPLAY.2.0.07.BSP.api=BSP_BUS_DRIVER
STMicroelectronics.X-CUBE-DISPLAY.2.0.07.BSP.component=
STMicroelectronics.X-CUBE-DISPLAY.2.0.07.BSP.condition=SEMBoardOoPartJjMemoryJjMX25L6433FJjSPI
STMicroelectronics.X-CUBE-DISPLAY.2.0.07.BSP.i2caddr=0
STMicroelectronics.X-CUBE-DISPLAY.2.0.07.BSP.i2creg=
STMicroelectronics.X-CUBE-DISPLAY.2.0.07.BSP.instance=SPI2
STMicroelectronics.X-CUBE-DISPLAY.2.0.07.BSP.ip=SPI
STMicroelectronics.X-CUBE-DISPLAY.2.0.07.BSP.mode=Full-Duplex Master
STMicroelectronics.X-CUBE-DISPLAY.2.0.07.BSP.name=Memory BUS IO driver
STMicroelectronics.X-CUBE-DISPLAY.2.0.07.BSP.semaphore=
STMicroelectronics.X-CUBE-DISPLAY.2.0.07.BSP.solution=SPI2
STMicroelectronics.X-CUBE-DISPLAY.2.0.08.BSP.STBoard=false
STMicroelectronics.X-CUBE-DISPLAY.2.0.08.BSP.api=Unknown
STMicroelectronics.X-CUBE-DISPLAY.2.0.08.BSP.component=
STMicroelectronics.X-CUBE-DISPLAY.2.0.08.BSP.condition=SEMBoardOoPartJjLCDJjILI9341JjSPI
STMicroelectronics.X-CUBE-DISPLAY.2.0.08.BSP.i2caddr=0
STMicroelectronics.X-CUBE-DISPLAY.2.0.08.BSP.i2creg=
STMicroelectronics.X-CUBE-DISPLAY.2.0.08.BSP.instance=PB5
STMicroelectronics.X-CUBE-DISPLAY.2.0.08.BSP.ip=GPIO
STMicroelectronics.X-CUBE-DISPLAY.2.0.08.BSP.mode=Output
STMicroelectronics.X-CUBE-DISPLAY.2.0.08.BSP.name=LCD CS Pin
STMicroelectronics.X-CUBE-DISPLAY.2.0.08.BSP.semaphore=
STMicroelectronics.X-CUBE-DISPLAY.2.0.08.BSP.solution=PB5
STMicroelectronics.X-CUBE-DISPLAY.2.0.09.BSP.STBoard=false
STMicroelectronics.X-CUBE-DISPLAY.2.0.09.BSP.api=Unknown
STMicroelectronics.X-CUBE-DISPLAY.2.0.09.BSP.component=
STMicroelectronics.X-CUBE-DISPLAY.2.0.09.BSP.condition=SEMDISPLAYCcExtensionOoBoardJjGFX01M1
STMicroelectronics.X-CUBE-DISPLAY.2.0.09.BSP.i2caddr=0
STMicroelectronics.X-CUBE-DISPLAY.2.0.09.BSP.i2creg=
STMicroelectronics.X-CUBE-DISPLAY.2.0.09.BSP.instance=PC8
STMicroelectronics.X-CUBE-DISPLAY.2.0.09.BSP.ip=GPIO
STMicroelectronics.X-CUBE-DISPLAY.2.0.09.BSP.mode=Input
STMicroelectronics.X-CUBE-DISPLAY.2.0.09.BSP.name=Key Center Pin
STMicroelectronics.X-CUBE-DISPLAY.2.0.09.BSP.semaphore=
STMicroelectronics.X-CUBE-DISPLAY.2.0.09.BSP.solution=PC8
STMicroelectronics.X-CUBE-DISPLAY.2.0.0_SwParameter=DISPLAYCcExtensionOoBoardJjGFX01M1\:true;BoardOoPartJjMemoryJjMX25L6433F\:SPI;BoardOoPartJjLCDJjILI9341\:SPI;
STMicroelectronics.X-CUBE-TOUCHGFX.4.18.0.ApplicationCcGraphicsJjApplication=TouchGFXOoGenerator
STMicroelectronics.X-CUBE-TOUCHGFX.4.18.0.GraphicsJjApplication_Checked=true
STMicroelectronics.X-CUBE-TOUCHGFX.4.18.0.IPParameters=ApplicationCcGraphicsJjApplication,tgfx_custom_width,tgfx_custom_height,tgfx_buffering_strategy,tgfx_partialfb_transmit_strategy,tgfx_datareader
STMicroelectronics.X-CUBE-TOUCHGFX.4.18.0.tgfx_buffering_strategy=Partial
STMicroelectronics.X-CUBE-TOUCHGFX.4.18.0.tgfx_custom_height=320
STMicroelectronics.X-CUBE-TOUCHGFX.4.18.0.tgfx_custom_width=240
STMicroelectronics.X-CUBE-TOUCHGFX.4.18.0.tgfx_datareader=Enabled
STMicroelectronics.X-CUBE-TOUCHGFX.4.18.0.tgfx_partialfb_transmit_strategy=Enabled
STMicroelectronics.X-CUBE-TOUCHGFX.4.18.0_IsPackSelfContextualization=true
STMicroelectronics.X-CUBE-TOUCHGFX.4.18.0_SwParameter=ApplicationCcGraphicsJjApplication\:TouchGFXOoGenerator;
VP_CRC_VS_CRC.Mode=CRC_Activate
VP_CRC_VS_CRC.Signal=CRC_VS_CRC
VP_STMicroelectronics.X-CUBE-DISPLAY_VS_BoardOoPartJjLCD_2.0.0_2.0.0.Mode=BoardOoPartJjLCD
VP_STMicroelectronics.X-CUBE-DISPLAY_VS_BoardOoPartJjLCD_2.0.0_2.0.0.Signal=STMicroelectronics.X-CUBE-DISPLAY_VS_BoardOoPartJjLCD_2.0.0_2.0.0
VP_STMicroelectronics.X-CUBE-DISPLAY_VS_BoardOoPartJjMemory_2.0.0_2.0.0.Mode=BoardOoPartJjMemory
VP_STMicroelectronics.X-CUBE-DISPLAY_VS_BoardOoPartJjMemory_2.0.0_2.0.0.Signal=STMicroelectronics.X-CUBE-DISPLAY_VS_BoardOoPartJjMemory_2.0.0_2.0.0
VP_STMicroelectronics.X-CUBE-DISPLAY_VS_ExtensionOoBoardJjDISPLAY_2.0.0_2.0.0.Mode=ExtensionOoBoardJjDISPLAY
VP_STMicroelectronics.X-CUBE-DISPLAY_VS_ExtensionOoBoardJjDISPLAY_2.0.0_2.0.0.Signal=STMicroelectronics.X-CUBE-DISPLAY_VS_ExtensionOoBoardJjDISPLAY_2.0.0_2.0.0
VP_STMicroelectronics.X-CUBE-TOUCHGFX_VS_GraphicsJjApplication_4.18.0.Mode=GraphicsJjApplication
VP_STMicroelectronics.X-CUBE-TOUCHGFX_VS_GraphicsJjApplication_4.18.0.Signal=STMicroelectronics.X-CUBE-TOUCHGFX_VS_GraphicsJjApplication_4.18.0
VP_SYS_VS_Systick.Mode=SysTick
VP_SYS_VS_Systick.Signal=SYS_VS_Systick
board=NUCLEO-L476RG
boardIOC=true
isbadioc=false
